
Microsoft Visual Studio Solution File, Format Version 12.00
# Visual Studio Version 16
VisualStudioVersion = 16.0.33529.622
MinimumVisualStudioVersion = 10.0.40219.1
Project("{8BC9CEB8-8B4A-11D0-8D11-00A0C91BC942}") = "後期第1回課題3", "後期第1回課題3\後期第1回課題3.vcxproj", "{BCA5C993-3322-4888-9705-90DEF90B3DA1}"
EndProject
Global
	GlobalSection(SolutionConfigurationPlatforms) = preSolution
		Debug|x64 = Debug|x64
		Debug|x86 = Debug|x86
		Release|x64 = Release|x64
		Release|x86 = Release|x86
	EndGlobalSection
	GlobalSection(ProjectConfigurationPlatforms) = postSolution
		{BCA5C993-3322-4888-9705-90DEF90B3DA1}.Debug|x64.ActiveCfg = Debug|x64
		{BCA5C993-3322-4888-9705-90DEF90B3DA1}.Debug|x64.Build.0 = Debug|x64
		{BCA5C993-3322-4888-9705-90DEF90B3DA1}.Debug|x86.ActiveCfg = Debug|Win32
		{BCA5C993-3322-4888-9705-90DEF90B3DA1}.Debug|x86.Build.0 = Debug|Win32
		{BCA5C993-3322-4888-9705-90DEF90B3DA1}.Release|x64.ActiveCfg = Release|x64
		{BCA5C993-3322-4888-9705-90DEF90B3DA1}.Release|x64.Build.0 = Release|x64
		{BCA5C993-3322-4888-9705-90DEF90B3DA1}.Release|x86.ActiveCfg = Release|Win32
		{BCA5C993-3322-4888-9705-90DEF90B3DA1}.Release|x86.Build.0 = Release|Win32
	EndGlobalSection
	GlobalSection(SolutionProperties) = preSolution
		HideSolutionNode = FALSE
	EndGlobalSection
	GlobalSection(ExtensibilityGlobals) = postSolution
		SolutionGuid = {C1A7512F-9064-491C-A7DE-D4390CEE027B}
	EndGlobalSection
EndGlobal
